
Microsoft Visual Studio Solution File, Format Version 12.00
# Visual Studio 15
Project("{FAE04EC0-301F-11D3-BF4B-00C04F79EFBC}") = "Assembly-CSharp-Editor", "Assembly-CSharp-Editor.csproj", "{95A2C2AF-DCAE-B409-E57A-6DE172EE6DFB}"
EndProject
Project("{FAE04EC0-301F-11D3-BF4B-00C04F79EFBC}") = "Assembly-CSharp", "Assembly-CSharp.csproj", "{828201B7-BCC6-8BC4-6072-0DCA3C8C82A4}"
EndProject
Project("{FAE04EC0-301F-11D3-BF4B-00C04F79EFBC}") = "sc.terrain.painter.runtime1", "sc.terrain.painter.runtime1.csproj", "{150F5D52-D71D-D85C-232A-9D203FF2C37E}"
EndProject
Project("{FAE04EC0-301F-11D3-BF4B-00C04F79EFBC}") = "TerrainFoley", "TerrainFoley.csproj", "{0F3EB01B-66F1-A267-C21D-F5617CD85073}"
EndProject
Project("{FAE04EC0-301F-11D3-BF4B-00C04F79EFBC}") = "PropertyMaster", "PropertyMaster.csproj", "{93282B0D-F29C-8F5C-10A9-36D7ABA25530}"
EndProject
Project("{FAE04EC0-301F-11D3-BF4B-00C04F79EFBC}") = "TerrainEvo3Ed", "TerrainEvo3Ed.csproj", "{9E1210A6-2046-6C04-FC71-18AE168D965C}"
EndProject
Project("{FAE04EC0-301F-11D3-BF4B-00C04F79EFBC}") = "OcclusionProbes", "OcclusionProbes.csproj", "{E3517593-48C5-879A-58A1-ECEC58701C36}"
EndProject
Project("{FAE04EC0-301F-11D3-BF4B-00C04F79EFBC}") = "sc.terrain.painter.editor", "sc.terrain.painter.editor.csproj", "{50ABAC11-9385-7914-945B-2E58EB2A2C1A}"
EndProject
Project("{FAE04EC0-301F-11D3-BF4B-00C04F79EFBC}") = "AxelF", "AxelF.csproj", "{43472BDF-817C-563F-7BC0-F322AAA95685}"
EndProject
Project("{FAE04EC0-301F-11D3-BF4B-00C04F79EFBC}") = "AxelF.Editor", "AxelF.Editor.csproj", "{860A2DB1-5997-7C2E-EFB3-9099BA2204FB}"
EndProject
Project("{FAE04EC0-301F-11D3-BF4B-00C04F79EFBC}") = "Hapki", "Hapki.csproj", "{70C8C6E8-2925-4209-A1ED-1BC6FA4FD484}"
EndProject
Project("{FAE04EC0-301F-11D3-BF4B-00C04F79EFBC}") = "sc.terrain.painter.runtime", "sc.terrain.painter.runtime.csproj", "{A61E00F8-FB16-962C-B52F-F49B0A1ED3AE}"
EndProject
Project("{FAE04EC0-301F-11D3-BF4B-00C04F79EFBC}") = "DepthOfFieldAutoFocus", "DepthOfFieldAutoFocus.csproj", "{89D3866C-65A6-D846-430E-1857703FABFC}"
EndProject
Project("{FAE04EC0-301F-11D3-BF4B-00C04F79EFBC}") = "WindControl", "WindControl.csproj", "{2FD159C0-D2F6-D896-CA76-603D50934A34}"
EndProject
Project("{FAE04EC0-301F-11D3-BF4B-00C04F79EFBC}") = "StaggeredCascade", "StaggeredCascade.csproj", "{CF2D07C4-7CAE-9601-8E0F-8177AC2A9E6D}"
EndProject
Project("{FAE04EC0-301F-11D3-BF4B-00C04F79EFBC}") = "Hapki.Editor", "Hapki.Editor.csproj", "{F48C0951-0B17-1DC7-28CA-364B34704E27}"
EndProject
Project("{FAE04EC0-301F-11D3-BF4B-00C04F79EFBC}") = "TerrainEvo3", "TerrainEvo3.csproj", "{010A9141-D998-9C7D-46B4-EDB03C9EFFD3}"
EndProject
Project("{FAE04EC0-301F-11D3-BF4B-00C04F79EFBC}") = "Gameplay", "Gameplay.csproj", "{D6314369-29CE-61A1-75D3-0C9388A939F2}"
EndProject
Project("{FAE04EC0-301F-11D3-BF4B-00C04F79EFBC}") = "Gameplay.Editor", "Gameplay.Editor.csproj", "{97A269FF-9F59-831B-1C58-D2A7BE69FA4F}"
EndProject
Project("{FAE04EC0-301F-11D3-BF4B-00C04F79EFBC}") = "Hapki.Playables", "Hapki.Playables.csproj", "{9DF3E1CD-8119-C235-C177-CBBE9A842730}"
EndProject
Project("{FAE04EC0-301F-11D3-BF4B-00C04F79EFBC}") = "LayerCulling", "LayerCulling.csproj", "{BE3416F0-2793-45CE-EC09-998374B38746}"
EndProject
Project("{FAE04EC0-301F-11D3-BF4B-00C04F79EFBC}") = "Hapki.Solvers", "Hapki.Solvers.csproj", "{27D7E24D-8917-05BD-7422-525DDA9670B3}"
EndProject
Project("{FAE04EC0-301F-11D3-BF4B-00C04F79EFBC}") = "WindControlEd", "WindControlEd.csproj", "{C0B01F4D-C8CC-5F4B-E82A-21070F1A6184}"
EndProject
Project("{FAE04EC0-301F-11D3-BF4B-00C04F79EFBC}") = "PropertyMaster.Editor", "PropertyMaster.Editor.csproj", "{8912FBAD-25E3-EAD6-EFFE-55A1C6707933}"
EndProject
Project("{FAE04EC0-301F-11D3-BF4B-00C04F79EFBC}") = "OcclusionProbesEditor", "OcclusionProbesEditor.csproj", "{AF3ED4A1-0C85-D677-AB72-7F0461257147}"
EndProject
Project("{FAE04EC0-301F-11D3-BF4B-00C04F79EFBC}") = "Hapki.Interpolation", "Hapki.Interpolation.csproj", "{243B5395-95F0-BC44-9E92-3E17931CDC7B}"
EndProject
Project("{FAE04EC0-301F-11D3-BF4B-00C04F79EFBC}") = "Hapki.Spatial", "Hapki.Spatial.csproj", "{E5191513-638A-8BE6-7038-B8A5339FDEB2}"
EndProject
Global
	GlobalSection(SolutionConfigurationPlatforms) = preSolution
		Debug|Any CPU = Debug|Any CPU
		Release|Any CPU = Release|Any CPU
	EndGlobalSection
	GlobalSection(ProjectConfigurationPlatforms) = postSolution
		{95A2C2AF-DCAE-B409-E57A-6DE172EE6DFB}.Debug|Any CPU.ActiveCfg = Debug|Any CPU
		{95A2C2AF-DCAE-B409-E57A-6DE172EE6DFB}.Debug|Any CPU.Build.0 = Debug|Any CPU
		{95A2C2AF-DCAE-B409-E57A-6DE172EE6DFB}.Release|Any CPU.ActiveCfg = Release|Any CPU
		{95A2C2AF-DCAE-B409-E57A-6DE172EE6DFB}.Release|Any CPU.Build.0 = Release|Any CPU
		{828201B7-BCC6-8BC4-6072-0DCA3C8C82A4}.Debug|Any CPU.ActiveCfg = Debug|Any CPU
		{828201B7-BCC6-8BC4-6072-0DCA3C8C82A4}.Debug|Any CPU.Build.0 = Debug|Any CPU
		{828201B7-BCC6-8BC4-6072-0DCA3C8C82A4}.Release|Any CPU.ActiveCfg = Release|Any CPU
		{828201B7-BCC6-8BC4-6072-0DCA3C8C82A4}.Release|Any CPU.Build.0 = Release|Any CPU
		{150F5D52-D71D-D85C-232A-9D203FF2C37E}.Debug|Any CPU.ActiveCfg = Debug|Any CPU
		{150F5D52-D71D-D85C-232A-9D203FF2C37E}.Debug|Any CPU.Build.0 = Debug|Any CPU
		{150F5D52-D71D-D85C-232A-9D203FF2C37E}.Release|Any CPU.ActiveCfg = Release|Any CPU
		{150F5D52-D71D-D85C-232A-9D203FF2C37E}.Release|Any CPU.Build.0 = Release|Any CPU
		{0F3EB01B-66F1-A267-C21D-F5617CD85073}.Debug|Any CPU.ActiveCfg = Debug|Any CPU
		{0F3EB01B-66F1-A267-C21D-F5617CD85073}.Debug|Any CPU.Build.0 = Debug|Any CPU
		{0F3EB01B-66F1-A267-C21D-F5617CD85073}.Release|Any CPU.ActiveCfg = Release|Any CPU
		{0F3EB01B-66F1-A267-C21D-F5617CD85073}.Release|Any CPU.Build.0 = Release|Any CPU
		{93282B0D-F29C-8F5C-10A9-36D7ABA25530}.Debug|Any CPU.ActiveCfg = Debug|Any CPU
		{93282B0D-F29C-8F5C-10A9-36D7ABA25530}.Debug|Any CPU.Build.0 = Debug|Any CPU
		{93282B0D-F29C-8F5C-10A9-36D7ABA25530}.Release|Any CPU.ActiveCfg = Release|Any CPU
		{93282B0D-F29C-8F5C-10A9-36D7ABA25530}.Release|Any CPU.Build.0 = Release|Any CPU
		{9E1210A6-2046-6C04-FC71-18AE168D965C}.Debug|Any CPU.ActiveCfg = Debug|Any CPU
		{9E1210A6-2046-6C04-FC71-18AE168D965C}.Debug|Any CPU.Build.0 = Debug|Any CPU
		{9E1210A6-2046-6C04-FC71-18AE168D965C}.Release|Any CPU.ActiveCfg = Release|Any CPU
		{9E1210A6-2046-6C04-FC71-18AE168D965C}.Release|Any CPU.Build.0 = Release|Any CPU
		{E3517593-48C5-879A-58A1-ECEC58701C36}.Debug|Any CPU.ActiveCfg = Debug|Any CPU
		{E3517593-48C5-879A-58A1-ECEC58701C36}.Debug|Any CPU.Build.0 = Debug|Any CPU
		{E3517593-48C5-879A-58A1-ECEC58701C36}.Release|Any CPU.ActiveCfg = Release|Any CPU
		{E3517593-48C5-879A-58A1-ECEC58701C36}.Release|Any CPU.Build.0 = Release|Any CPU
		{50ABAC11-9385-7914-945B-2E58EB2A2C1A}.Debug|Any CPU.ActiveCfg = Debug|Any CPU
		{50ABAC11-9385-7914-945B-2E58EB2A2C1A}.Debug|Any CPU.Build.0 = Debug|Any CPU
		{50ABAC11-9385-7914-945B-2E58EB2A2C1A}.Release|Any CPU.ActiveCfg = Release|Any CPU
		{50ABAC11-9385-7914-945B-2E58EB2A2C1A}.Release|Any CPU.Build.0 = Release|Any CPU
		{43472BDF-817C-563F-7BC0-F322AAA95685}.Debug|Any CPU.ActiveCfg = Debug|Any CPU
		{43472BDF-817C-563F-7BC0-F322AAA95685}.Debug|Any CPU.Build.0 = Debug|Any CPU
		{43472BDF-817C-563F-7BC0-F322AAA95685}.Release|Any CPU.ActiveCfg = Release|Any CPU
		{43472BDF-817C-563F-7BC0-F322AAA95685}.Release|Any CPU.Build.0 = Release|Any CPU
		{860A2DB1-5997-7C2E-EFB3-9099BA2204FB}.Debug|Any CPU.ActiveCfg = Debug|Any CPU
		{860A2DB1-5997-7C2E-EFB3-9099BA2204FB}.Debug|Any CPU.Build.0 = Debug|Any CPU
		{860A2DB1-5997-7C2E-EFB3-9099BA2204FB}.Release|Any CPU.ActiveCfg = Release|Any CPU
		{860A2DB1-5997-7C2E-EFB3-9099BA2204FB}.Release|Any CPU.Build.0 = Release|Any CPU
		{70C8C6E8-2925-4209-A1ED-1BC6FA4FD484}.Debug|Any CPU.ActiveCfg = Debug|Any CPU
		{70C8C6E8-2925-4209-A1ED-1BC6FA4FD484}.Debug|Any CPU.Build.0 = Debug|Any CPU
		{70C8C6E8-2925-4209-A1ED-1BC6FA4FD484}.Release|Any CPU.ActiveCfg = Release|Any CPU
		{70C8C6E8-2925-4209-A1ED-1BC6FA4FD484}.Release|Any CPU.Build.0 = Release|Any CPU
		{A61E00F8-FB16-962C-B52F-F49B0A1ED3AE}.Debug|Any CPU.ActiveCfg = Debug|Any CPU
		{A61E00F8-FB16-962C-B52F-F49B0A1ED3AE}.Debug|Any CPU.Build.0 = Debug|Any CPU
		{A61E00F8-FB16-962C-B52F-F49B0A1ED3AE}.Release|Any CPU.ActiveCfg = Release|Any CPU
		{A61E00F8-FB16-962C-B52F-F49B0A1ED3AE}.Release|Any CPU.Build.0 = Release|Any CPU
		{89D3866C-65A6-D846-430E-1857703FABFC}.Debug|Any CPU.ActiveCfg = Debug|Any CPU
		{89D3866C-65A6-D846-430E-1857703FABFC}.Debug|Any CPU.Build.0 = Debug|Any CPU
		{89D3866C-65A6-D846-430E-1857703FABFC}.Release|Any CPU.ActiveCfg = Release|Any CPU
		{89D3866C-65A6-D846-430E-1857703FABFC}.Release|Any CPU.Build.0 = Release|Any CPU
		{2FD159C0-D2F6-D896-CA76-603D50934A34}.Debug|Any CPU.ActiveCfg = Debug|Any CPU
		{2FD159C0-D2F6-D896-CA76-603D50934A34}.Debug|Any CPU.Build.0 = Debug|Any CPU
		{2FD159C0-D2F6-D896-CA76-603D50934A34}.Release|Any CPU.ActiveCfg = Release|Any CPU
		{2FD159C0-D2F6-D896-CA76-603D50934A34}.Release|Any CPU.Build.0 = Release|Any CPU
		{CF2D07C4-7CAE-9601-8E0F-8177AC2A9E6D}.Debug|Any CPU.ActiveCfg = Debug|Any CPU
		{CF2D07C4-7CAE-9601-8E0F-8177AC2A9E6D}.Debug|Any CPU.Build.0 = Debug|Any CPU
		{CF2D07C4-7CAE-9601-8E0F-8177AC2A9E6D}.Release|Any CPU.ActiveCfg = Release|Any CPU
		{CF2D07C4-7CAE-9601-8E0F-8177AC2A9E6D}.Release|Any CPU.Build.0 = Release|Any CPU
		{F48C0951-0B17-1DC7-28CA-364B34704E27}.Debug|Any CPU.ActiveCfg = Debug|Any CPU
		{F48C0951-0B17-1DC7-28CA-364B34704E27}.Debug|Any CPU.Build.0 = Debug|Any CPU
		{F48C0951-0B17-1DC7-28CA-364B34704E27}.Release|Any CPU.ActiveCfg = Release|Any CPU
		{F48C0951-0B17-1DC7-28CA-364B34704E27}.Release|Any CPU.Build.0 = Release|Any CPU
		{010A9141-D998-9C7D-46B4-EDB03C9EFFD3}.Debug|Any CPU.ActiveCfg = Debug|Any CPU
		{010A9141-D998-9C7D-46B4-EDB03C9EFFD3}.Debug|Any CPU.Build.0 = Debug|Any CPU
		{010A9141-D998-9C7D-46B4-EDB03C9EFFD3}.Release|Any CPU.ActiveCfg = Release|Any CPU
		{010A9141-D998-9C7D-46B4-EDB03C9EFFD3}.Release|Any CPU.Build.0 = Release|Any CPU
		{D6314369-29CE-61A1-75D3-0C9388A939F2}.Debug|Any CPU.ActiveCfg = Debug|Any CPU
		{D6314369-29CE-61A1-75D3-0C9388A939F2}.Debug|Any CPU.Build.0 = Debug|Any CPU
		{D6314369-29CE-61A1-75D3-0C9388A939F2}.Release|Any CPU.ActiveCfg = Release|Any CPU
		{D6314369-29CE-61A1-75D3-0C9388A939F2}.Release|Any CPU.Build.0 = Release|Any CPU
		{97A269FF-9F59-831B-1C58-D2A7BE69FA4F}.Debug|Any CPU.ActiveCfg = Debug|Any CPU
		{97A269FF-9F59-831B-1C58-D2A7BE69FA4F}.Debug|Any CPU.Build.0 = Debug|Any CPU
		{97A269FF-9F59-831B-1C58-D2A7BE69FA4F}.Release|Any CPU.ActiveCfg = Release|Any CPU
		{97A269FF-9F59-831B-1C58-D2A7BE69FA4F}.Release|Any CPU.Build.0 = Release|Any CPU
		{9DF3E1CD-8119-C235-C177-CBBE9A842730}.Debug|Any CPU.ActiveCfg = Debug|Any CPU
		{9DF3E1CD-8119-C235-C177-CBBE9A842730}.Debug|Any CPU.Build.0 = Debug|Any CPU
		{9DF3E1CD-8119-C235-C177-CBBE9A842730}.Release|Any CPU.ActiveCfg = Release|Any CPU
		{9DF3E1CD-8119-C235-C177-CBBE9A842730}.Release|Any CPU.Build.0 = Release|Any CPU
		{BE3416F0-2793-45CE-EC09-998374B38746}.Debug|Any CPU.ActiveCfg = Debug|Any CPU
		{BE3416F0-2793-45CE-EC09-998374B38746}.Debug|Any CPU.Build.0 = Debug|Any CPU
		{BE3416F0-2793-45CE-EC09-998374B38746}.Release|Any CPU.ActiveCfg = Release|Any CPU
		{BE3416F0-2793-45CE-EC09-998374B38746}.Release|Any CPU.Build.0 = Release|Any CPU
		{27D7E24D-8917-05BD-7422-525DDA9670B3}.Debug|Any CPU.ActiveCfg = Debug|Any CPU
		{27D7E24D-8917-05BD-7422-525DDA9670B3}.Debug|Any CPU.Build.0 = Debug|Any CPU
		{27D7E24D-8917-05BD-7422-525DDA9670B3}.Release|Any CPU.ActiveCfg = Release|Any CPU
		{27D7E24D-8917-05BD-7422-525DDA9670B3}.Release|Any CPU.Build.0 = Release|Any CPU
		{C0B01F4D-C8CC-5F4B-E82A-21070F1A6184}.Debug|Any CPU.ActiveCfg = Debug|Any CPU
		{C0B01F4D-C8CC-5F4B-E82A-21070F1A6184}.Debug|Any CPU.Build.0 = Debug|Any CPU
		{C0B01F4D-C8CC-5F4B-E82A-21070F1A6184}.Release|Any CPU.ActiveCfg = Release|Any CPU
		{C0B01F4D-C8CC-5F4B-E82A-21070F1A6184}.Release|Any CPU.Build.0 = Release|Any CPU
		{8912FBAD-25E3-EAD6-EFFE-55A1C6707933}.Debug|Any CPU.ActiveCfg = Debug|Any CPU
		{8912FBAD-25E3-EAD6-EFFE-55A1C6707933}.Debug|Any CPU.Build.0 = Debug|Any CPU
		{8912FBAD-25E3-EAD6-EFFE-55A1C6707933}.Release|Any CPU.ActiveCfg = Release|Any CPU
		{8912FBAD-25E3-EAD6-EFFE-55A1C6707933}.Release|Any CPU.Build.0 = Release|Any CPU
		{AF3ED4A1-0C85-D677-AB72-7F0461257147}.Debug|Any CPU.ActiveCfg = Debug|Any CPU
		{AF3ED4A1-0C85-D677-AB72-7F0461257147}.Debug|Any CPU.Build.0 = Debug|Any CPU
		{AF3ED4A1-0C85-D677-AB72-7F0461257147}.Release|Any CPU.ActiveCfg = Release|Any CPU
		{AF3ED4A1-0C85-D677-AB72-7F0461257147}.Release|Any CPU.Build.0 = Release|Any CPU
		{243B5395-95F0-BC44-9E92-3E17931CDC7B}.Debug|Any CPU.ActiveCfg = Debug|Any CPU
		{243B5395-95F0-BC44-9E92-3E17931CDC7B}.Debug|Any CPU.Build.0 = Debug|Any CPU
		{243B5395-95F0-BC44-9E92-3E17931CDC7B}.Release|Any CPU.ActiveCfg = Release|Any CPU
		{243B5395-95F0-BC44-9E92-3E17931CDC7B}.Release|Any CPU.Build.0 = Release|Any CPU
		{E5191513-638A-8BE6-7038-B8A5339FDEB2}.Debug|Any CPU.ActiveCfg = Debug|Any CPU
		{E5191513-638A-8BE6-7038-B8A5339FDEB2}.Debug|Any CPU.Build.0 = Debug|Any CPU
		{E5191513-638A-8BE6-7038-B8A5339FDEB2}.Release|Any CPU.ActiveCfg = Release|Any CPU
		{E5191513-638A-8BE6-7038-B8A5339FDEB2}.Release|Any CPU.Build.0 = Release|Any CPU
	EndGlobalSection
	GlobalSection(SolutionProperties) = preSolution
		HideSolutionNode = FALSE
	EndGlobalSection
EndGlobal
