
Microsoft Visual Studio Solution File, Format Version 12.00
# Visual Studio Version 17
VisualStudioVersion = 17.11.35303.130
MinimumVisualStudioVersion = 10.0.40219.1
Project("{FAE04EC0-301F-11D3-BF4B-00C04F79EFBC}") = "Assembly-CSharp-Editor", "Assembly-CSharp-Editor.csproj", "{CDD4E5CD-4BA7-3460-EC57-E2CA388B83A1}"
EndProject
Project("{FAE04EC0-301F-11D3-BF4B-00C04F79EFBC}") = "Assembly-CSharp", "Assembly-CSharp.csproj", "{D82C20D6-3DC1-EB57-F24E-7BF90E880C22}"
EndProject
Project("{FAE04EC0-301F-11D3-BF4B-00C04F79EFBC}") = "TerrainFoley", "TerrainFoley.csproj", "{7E3DD26E-68F2-0227-5A91-FB01693ED343}"
EndProject
Project("{FAE04EC0-301F-11D3-BF4B-00C04F79EFBC}") = "PropertyMaster", "PropertyMaster.csproj", "{AC59693F-D819-D3E2-8190-D4B031833015}"
EndProject
Project("{FAE04EC0-301F-11D3-BF4B-00C04F79EFBC}") = "TerrainEvo3Ed", "TerrainEvo3Ed.csproj", "{8DDE3ABB-C14C-2BA9-AC80-A29D77612391}"
EndProject
Project("{FAE04EC0-301F-11D3-BF4B-00C04F79EFBC}") = "OcclusionProbes", "OcclusionProbes.csproj", "{6E358188-FC9C-0595-060B-D4FA0C3BF962}"
EndProject
Project("{FAE04EC0-301F-11D3-BF4B-00C04F79EFBC}") = "sc.terrain.painter.editor", "sc.terrain.painter.editor.csproj", "{51230974-4F4A-06A7-1776-260C4A182B80}"
EndProject
Project("{FAE04EC0-301F-11D3-BF4B-00C04F79EFBC}") = "AxelF", "AxelF.csproj", "{0B15F148-2879-D29D-96CB-9AF690265380}"
EndProject
Project("{FAE04EC0-301F-11D3-BF4B-00C04F79EFBC}") = "AxelF.Editor", "AxelF.Editor.csproj", "{0752CC4A-C969-B900-75BE-C4470F814CAF}"
EndProject
Project("{FAE04EC0-301F-11D3-BF4B-00C04F79EFBC}") = "Hapki", "Hapki.csproj", "{F7CB54A0-8AF4-867F-FE5C-86F0C6E05FC3}"
EndProject
Project("{FAE04EC0-301F-11D3-BF4B-00C04F79EFBC}") = "sc.terrain.painter.runtime", "sc.terrain.painter.runtime.csproj", "{14948498-E9FB-B5EE-B1B0-9B45CAD10C35}"
EndProject
Project("{FAE04EC0-301F-11D3-BF4B-00C04F79EFBC}") = "DepthOfFieldAutoFocus", "DepthOfFieldAutoFocus.csproj", "{9C41873F-8D70-0CF4-CFB7-AF46C42E5917}"
EndProject
Project("{FAE04EC0-301F-11D3-BF4B-00C04F79EFBC}") = "WindControl", "WindControl.csproj", "{7EE8C7D0-CAB9-020A-76EE-9189EA2B850A}"
EndProject
Project("{FAE04EC0-301F-11D3-BF4B-00C04F79EFBC}") = "StaggeredCascade", "StaggeredCascade.csproj", "{16EB0AD0-41D4-21DE-FBEB-DA260D313339}"
EndProject
Project("{FAE04EC0-301F-11D3-BF4B-00C04F79EFBC}") = "Hapki.Editor", "Hapki.Editor.csproj", "{9FF35D55-91ED-44F7-78E4-9487D3FD0ABE}"
EndProject
Project("{FAE04EC0-301F-11D3-BF4B-00C04F79EFBC}") = "TerrainEvo3", "TerrainEvo3.csproj", "{954DFB5E-C552-B9B9-9C59-AC01C65ED2B5}"
EndProject
Project("{FAE04EC0-301F-11D3-BF4B-00C04F79EFBC}") = "Gameplay", "Gameplay.csproj", "{7590AAA5-25FA-7013-4CE2-4414F46FDEB3}"
EndProject
Project("{FAE04EC0-301F-11D3-BF4B-00C04F79EFBC}") = "Gameplay.Editor", "Gameplay.Editor.csproj", "{CE9DEE7E-AE50-464C-7FB5-ACCA24E19403}"
EndProject
Project("{FAE04EC0-301F-11D3-BF4B-00C04F79EFBC}") = "Hapki.Playables", "Hapki.Playables.csproj", "{5CC4F434-2526-BD3A-A5C0-96F7B7F40DDD}"
EndProject
Project("{FAE04EC0-301F-11D3-BF4B-00C04F79EFBC}") = "LayerCulling", "LayerCulling.csproj", "{D620DFDC-7107-E373-1E09-0DD96E08BCDC}"
EndProject
Project("{FAE04EC0-301F-11D3-BF4B-00C04F79EFBC}") = "Hapki.Solvers", "Hapki.Solvers.csproj", "{4EA9BBFC-78EF-AF00-EB80-86120A382AD9}"
EndProject
Project("{FAE04EC0-301F-11D3-BF4B-00C04F79EFBC}") = "WindControlEd", "WindControlEd.csproj", "{789C9CDF-78FB-2F11-D850-EFDBD54CD34C}"
EndProject
Project("{FAE04EC0-301F-11D3-BF4B-00C04F79EFBC}") = "PropertyMaster.Editor", "PropertyMaster.Editor.csproj", "{BBC1997C-86C7-ABCC-5585-EC059E3C8A93}"
EndProject
Project("{FAE04EC0-301F-11D3-BF4B-00C04F79EFBC}") = "OcclusionProbesEditor", "OcclusionProbesEditor.csproj", "{7C6A98FC-7661-FFBF-2087-126399A760DC}"
EndProject
Project("{FAE04EC0-301F-11D3-BF4B-00C04F79EFBC}") = "Hapki.Interpolation", "Hapki.Interpolation.csproj", "{478582C4-C378-B0D7-F420-4B82974BAFC6}"
EndProject
Project("{FAE04EC0-301F-11D3-BF4B-00C04F79EFBC}") = "Hapki.Spatial", "Hapki.Spatial.csproj", "{02C8A698-304F-83B8-B3B8-691032DCDFDD}"
EndProject
Global
	GlobalSection(SolutionConfigurationPlatforms) = preSolution
		Debug|Any CPU = Debug|Any CPU
		Release|Any CPU = Release|Any CPU
	EndGlobalSection
	GlobalSection(ProjectConfigurationPlatforms) = postSolution
		{CDD4E5CD-4BA7-3460-EC57-E2CA388B83A1}.Debug|Any CPU.ActiveCfg = Debug|Any CPU
		{CDD4E5CD-4BA7-3460-EC57-E2CA388B83A1}.Debug|Any CPU.Build.0 = Debug|Any CPU
		{CDD4E5CD-4BA7-3460-EC57-E2CA388B83A1}.Release|Any CPU.ActiveCfg = Release|Any CPU
		{CDD4E5CD-4BA7-3460-EC57-E2CA388B83A1}.Release|Any CPU.Build.0 = Release|Any CPU
		{D82C20D6-3DC1-EB57-F24E-7BF90E880C22}.Debug|Any CPU.ActiveCfg = Debug|Any CPU
		{D82C20D6-3DC1-EB57-F24E-7BF90E880C22}.Debug|Any CPU.Build.0 = Debug|Any CPU
		{D82C20D6-3DC1-EB57-F24E-7BF90E880C22}.Release|Any CPU.ActiveCfg = Release|Any CPU
		{D82C20D6-3DC1-EB57-F24E-7BF90E880C22}.Release|Any CPU.Build.0 = Release|Any CPU
		{7E3DD26E-68F2-0227-5A91-FB01693ED343}.Debug|Any CPU.ActiveCfg = Debug|Any CPU
		{7E3DD26E-68F2-0227-5A91-FB01693ED343}.Debug|Any CPU.Build.0 = Debug|Any CPU
		{7E3DD26E-68F2-0227-5A91-FB01693ED343}.Release|Any CPU.ActiveCfg = Release|Any CPU
		{7E3DD26E-68F2-0227-5A91-FB01693ED343}.Release|Any CPU.Build.0 = Release|Any CPU
		{AC59693F-D819-D3E2-8190-D4B031833015}.Debug|Any CPU.ActiveCfg = Debug|Any CPU
		{AC59693F-D819-D3E2-8190-D4B031833015}.Debug|Any CPU.Build.0 = Debug|Any CPU
		{AC59693F-D819-D3E2-8190-D4B031833015}.Release|Any CPU.ActiveCfg = Release|Any CPU
		{AC59693F-D819-D3E2-8190-D4B031833015}.Release|Any CPU.Build.0 = Release|Any CPU
		{8DDE3ABB-C14C-2BA9-AC80-A29D77612391}.Debug|Any CPU.ActiveCfg = Debug|Any CPU
		{8DDE3ABB-C14C-2BA9-AC80-A29D77612391}.Debug|Any CPU.Build.0 = Debug|Any CPU
		{8DDE3ABB-C14C-2BA9-AC80-A29D77612391}.Release|Any CPU.ActiveCfg = Release|Any CPU
		{8DDE3ABB-C14C-2BA9-AC80-A29D77612391}.Release|Any CPU.Build.0 = Release|Any CPU
		{6E358188-FC9C-0595-060B-D4FA0C3BF962}.Debug|Any CPU.ActiveCfg = Debug|Any CPU
		{6E358188-FC9C-0595-060B-D4FA0C3BF962}.Debug|Any CPU.Build.0 = Debug|Any CPU
		{6E358188-FC9C-0595-060B-D4FA0C3BF962}.Release|Any CPU.ActiveCfg = Release|Any CPU
		{6E358188-FC9C-0595-060B-D4FA0C3BF962}.Release|Any CPU.Build.0 = Release|Any CPU
		{51230974-4F4A-06A7-1776-260C4A182B80}.Debug|Any CPU.ActiveCfg = Debug|Any CPU
		{51230974-4F4A-06A7-1776-260C4A182B80}.Debug|Any CPU.Build.0 = Debug|Any CPU
		{51230974-4F4A-06A7-1776-260C4A182B80}.Release|Any CPU.ActiveCfg = Release|Any CPU
		{51230974-4F4A-06A7-1776-260C4A182B80}.Release|Any CPU.Build.0 = Release|Any CPU
		{0B15F148-2879-D29D-96CB-9AF690265380}.Debug|Any CPU.ActiveCfg = Debug|Any CPU
		{0B15F148-2879-D29D-96CB-9AF690265380}.Debug|Any CPU.Build.0 = Debug|Any CPU
		{0B15F148-2879-D29D-96CB-9AF690265380}.Release|Any CPU.ActiveCfg = Release|Any CPU
		{0B15F148-2879-D29D-96CB-9AF690265380}.Release|Any CPU.Build.0 = Release|Any CPU
		{0752CC4A-C969-B900-75BE-C4470F814CAF}.Debug|Any CPU.ActiveCfg = Debug|Any CPU
		{0752CC4A-C969-B900-75BE-C4470F814CAF}.Debug|Any CPU.Build.0 = Debug|Any CPU
		{0752CC4A-C969-B900-75BE-C4470F814CAF}.Release|Any CPU.ActiveCfg = Release|Any CPU
		{0752CC4A-C969-B900-75BE-C4470F814CAF}.Release|Any CPU.Build.0 = Release|Any CPU
		{F7CB54A0-8AF4-867F-FE5C-86F0C6E05FC3}.Debug|Any CPU.ActiveCfg = Debug|Any CPU
		{F7CB54A0-8AF4-867F-FE5C-86F0C6E05FC3}.Debug|Any CPU.Build.0 = Debug|Any CPU
		{F7CB54A0-8AF4-867F-FE5C-86F0C6E05FC3}.Release|Any CPU.ActiveCfg = Release|Any CPU
		{F7CB54A0-8AF4-867F-FE5C-86F0C6E05FC3}.Release|Any CPU.Build.0 = Release|Any CPU
		{14948498-E9FB-B5EE-B1B0-9B45CAD10C35}.Debug|Any CPU.ActiveCfg = Debug|Any CPU
		{14948498-E9FB-B5EE-B1B0-9B45CAD10C35}.Debug|Any CPU.Build.0 = Debug|Any CPU
		{14948498-E9FB-B5EE-B1B0-9B45CAD10C35}.Release|Any CPU.ActiveCfg = Release|Any CPU
		{14948498-E9FB-B5EE-B1B0-9B45CAD10C35}.Release|Any CPU.Build.0 = Release|Any CPU
		{9C41873F-8D70-0CF4-CFB7-AF46C42E5917}.Debug|Any CPU.ActiveCfg = Debug|Any CPU
		{9C41873F-8D70-0CF4-CFB7-AF46C42E5917}.Debug|Any CPU.Build.0 = Debug|Any CPU
		{9C41873F-8D70-0CF4-CFB7-AF46C42E5917}.Release|Any CPU.ActiveCfg = Release|Any CPU
		{9C41873F-8D70-0CF4-CFB7-AF46C42E5917}.Release|Any CPU.Build.0 = Release|Any CPU
		{7EE8C7D0-CAB9-020A-76EE-9189EA2B850A}.Debug|Any CPU.ActiveCfg = Debug|Any CPU
		{7EE8C7D0-CAB9-020A-76EE-9189EA2B850A}.Debug|Any CPU.Build.0 = Debug|Any CPU
		{7EE8C7D0-CAB9-020A-76EE-9189EA2B850A}.Release|Any CPU.ActiveCfg = Release|Any CPU
		{7EE8C7D0-CAB9-020A-76EE-9189EA2B850A}.Release|Any CPU.Build.0 = Release|Any CPU
		{16EB0AD0-41D4-21DE-FBEB-DA260D313339}.Debug|Any CPU.ActiveCfg = Debug|Any CPU
		{16EB0AD0-41D4-21DE-FBEB-DA260D313339}.Debug|Any CPU.Build.0 = Debug|Any CPU
		{16EB0AD0-41D4-21DE-FBEB-DA260D313339}.Release|Any CPU.ActiveCfg = Release|Any CPU
		{16EB0AD0-41D4-21DE-FBEB-DA260D313339}.Release|Any CPU.Build.0 = Release|Any CPU
		{9FF35D55-91ED-44F7-78E4-9487D3FD0ABE}.Debug|Any CPU.ActiveCfg = Debug|Any CPU
		{9FF35D55-91ED-44F7-78E4-9487D3FD0ABE}.Debug|Any CPU.Build.0 = Debug|Any CPU
		{9FF35D55-91ED-44F7-78E4-9487D3FD0ABE}.Release|Any CPU.ActiveCfg = Release|Any CPU
		{9FF35D55-91ED-44F7-78E4-9487D3FD0ABE}.Release|Any CPU.Build.0 = Release|Any CPU
		{954DFB5E-C552-B9B9-9C59-AC01C65ED2B5}.Debug|Any CPU.ActiveCfg = Debug|Any CPU
		{954DFB5E-C552-B9B9-9C59-AC01C65ED2B5}.Debug|Any CPU.Build.0 = Debug|Any CPU
		{954DFB5E-C552-B9B9-9C59-AC01C65ED2B5}.Release|Any CPU.ActiveCfg = Release|Any CPU
		{954DFB5E-C552-B9B9-9C59-AC01C65ED2B5}.Release|Any CPU.Build.0 = Release|Any CPU
		{7590AAA5-25FA-7013-4CE2-4414F46FDEB3}.Debug|Any CPU.ActiveCfg = Debug|Any CPU
		{7590AAA5-25FA-7013-4CE2-4414F46FDEB3}.Debug|Any CPU.Build.0 = Debug|Any CPU
		{7590AAA5-25FA-7013-4CE2-4414F46FDEB3}.Release|Any CPU.ActiveCfg = Release|Any CPU
		{7590AAA5-25FA-7013-4CE2-4414F46FDEB3}.Release|Any CPU.Build.0 = Release|Any CPU
		{CE9DEE7E-AE50-464C-7FB5-ACCA24E19403}.Debug|Any CPU.ActiveCfg = Debug|Any CPU
		{CE9DEE7E-AE50-464C-7FB5-ACCA24E19403}.Debug|Any CPU.Build.0 = Debug|Any CPU
		{CE9DEE7E-AE50-464C-7FB5-ACCA24E19403}.Release|Any CPU.ActiveCfg = Release|Any CPU
		{CE9DEE7E-AE50-464C-7FB5-ACCA24E19403}.Release|Any CPU.Build.0 = Release|Any CPU
		{5CC4F434-2526-BD3A-A5C0-96F7B7F40DDD}.Debug|Any CPU.ActiveCfg = Debug|Any CPU
		{5CC4F434-2526-BD3A-A5C0-96F7B7F40DDD}.Debug|Any CPU.Build.0 = Debug|Any CPU
		{5CC4F434-2526-BD3A-A5C0-96F7B7F40DDD}.Release|Any CPU.ActiveCfg = Release|Any CPU
		{5CC4F434-2526-BD3A-A5C0-96F7B7F40DDD}.Release|Any CPU.Build.0 = Release|Any CPU
		{D620DFDC-7107-E373-1E09-0DD96E08BCDC}.Debug|Any CPU.ActiveCfg = Debug|Any CPU
		{D620DFDC-7107-E373-1E09-0DD96E08BCDC}.Debug|Any CPU.Build.0 = Debug|Any CPU
		{D620DFDC-7107-E373-1E09-0DD96E08BCDC}.Release|Any CPU.ActiveCfg = Release|Any CPU
		{D620DFDC-7107-E373-1E09-0DD96E08BCDC}.Release|Any CPU.Build.0 = Release|Any CPU
		{4EA9BBFC-78EF-AF00-EB80-86120A382AD9}.Debug|Any CPU.ActiveCfg = Debug|Any CPU
		{4EA9BBFC-78EF-AF00-EB80-86120A382AD9}.Debug|Any CPU.Build.0 = Debug|Any CPU
		{4EA9BBFC-78EF-AF00-EB80-86120A382AD9}.Release|Any CPU.ActiveCfg = Release|Any CPU
		{4EA9BBFC-78EF-AF00-EB80-86120A382AD9}.Release|Any CPU.Build.0 = Release|Any CPU
		{789C9CDF-78FB-2F11-D850-EFDBD54CD34C}.Debug|Any CPU.ActiveCfg = Debug|Any CPU
		{789C9CDF-78FB-2F11-D850-EFDBD54CD34C}.Debug|Any CPU.Build.0 = Debug|Any CPU
		{789C9CDF-78FB-2F11-D850-EFDBD54CD34C}.Release|Any CPU.ActiveCfg = Release|Any CPU
		{789C9CDF-78FB-2F11-D850-EFDBD54CD34C}.Release|Any CPU.Build.0 = Release|Any CPU
		{BBC1997C-86C7-ABCC-5585-EC059E3C8A93}.Debug|Any CPU.ActiveCfg = Debug|Any CPU
		{BBC1997C-86C7-ABCC-5585-EC059E3C8A93}.Debug|Any CPU.Build.0 = Debug|Any CPU
		{BBC1997C-86C7-ABCC-5585-EC059E3C8A93}.Release|Any CPU.ActiveCfg = Release|Any CPU
		{BBC1997C-86C7-ABCC-5585-EC059E3C8A93}.Release|Any CPU.Build.0 = Release|Any CPU
		{7C6A98FC-7661-FFBF-2087-126399A760DC}.Debug|Any CPU.ActiveCfg = Debug|Any CPU
		{7C6A98FC-7661-FFBF-2087-126399A760DC}.Debug|Any CPU.Build.0 = Debug|Any CPU
		{7C6A98FC-7661-FFBF-2087-126399A760DC}.Release|Any CPU.ActiveCfg = Release|Any CPU
		{7C6A98FC-7661-FFBF-2087-126399A760DC}.Release|Any CPU.Build.0 = Release|Any CPU
		{478582C4-C378-B0D7-F420-4B82974BAFC6}.Debug|Any CPU.ActiveCfg = Debug|Any CPU
		{478582C4-C378-B0D7-F420-4B82974BAFC6}.Debug|Any CPU.Build.0 = Debug|Any CPU
		{478582C4-C378-B0D7-F420-4B82974BAFC6}.Release|Any CPU.ActiveCfg = Release|Any CPU
		{478582C4-C378-B0D7-F420-4B82974BAFC6}.Release|Any CPU.Build.0 = Release|Any CPU
		{02C8A698-304F-83B8-B3B8-691032DCDFDD}.Debug|Any CPU.ActiveCfg = Debug|Any CPU
		{02C8A698-304F-83B8-B3B8-691032DCDFDD}.Debug|Any CPU.Build.0 = Debug|Any CPU
		{02C8A698-304F-83B8-B3B8-691032DCDFDD}.Release|Any CPU.ActiveCfg = Release|Any CPU
		{02C8A698-304F-83B8-B3B8-691032DCDFDD}.Release|Any CPU.Build.0 = Release|Any CPU
	EndGlobalSection
	GlobalSection(SolutionProperties) = preSolution
		HideSolutionNode = FALSE
	EndGlobalSection
EndGlobal
